# THIS IS AN AUTOGENERATED FILE. DO NOT EDIT THIS FILE DIRECTLY.
# yarn lockfile v1


"@prettier/plugin-ruby@^2.1.0":
  version "2.1.0"
  resolved "https://registry.yarnpkg.com/@prettier/plugin-ruby/-/plugin-ruby-2.1.0.tgz#2df48c1c004fc9dec18a72f441d43d54137b25a6"
  integrity sha512-lAoYFoDnwlxM3jl+dS7yrmxD49d3nbKFTBuhHx3VTPoAwmOOKOIO4nRJTTBWF+rS7KUAVn2XPLwRR0Obh/KW6A==
  dependencies:
    prettier ">=2.3.0"

prettier@>=2.3.0, prettier@^2.6.2:
  version "2.6.2"
  resolved "https://registry.yarnpkg.com/prettier/-/prettier-2.6.2.tgz#e26d71a18a74c3d0f0597f55f01fb6c06c206032"
  integrity sha512-PkUpF+qoXTqhOeWL9fu7As8LXsIUZ1WYaJiY/a7McAQzxjk82OF0tibkFXVCDImZtWxbvojFjerkiLb0/q8mew==
